{
  "object": {
    "pins": [
      {
        "package": "AllApples",
        "repositoryURL": "https://github.com/mihaelamj/allapples",
        "state": {
          "branch": null,
          "revision": "c50b53caa6b8075df8b81dfdcae08365330c1f40",
          "version": "0.9.0"
        }
      }
    ]
  },
  "version": 1
}
