{
  "object": {
    "pins": [
      {
        "package": "AllApples",
        "repositoryURL": "https://github.com/mihaelamj/allapples",
        "state": {
          "branch": null,
          "revision": "89bec2ea1eee3794f4806d999239dc36ddc339ff",
          "version": "0.6.0"
        }
      }
    ]
  },
  "version": 1
}
