{
  "object": {
    "pins": [
      {
        "package": "AllApples",
        "repositoryURL": "https://github.com/mihaelamj/allapples",
        "state": {
          "branch": null,
          "revision": "0982df29192857ad0c4858596a32506fa374c46a",
          "version": "0.9.5"
        }
      }
    ]
  },
  "version": 1
}
