// !$*UTF8*$!
{
	archiveVersion = 1;
	classes = {
	};
	objectVersion = 52;
	objects = {

/* Begin PBXBuildFile section */
		A90A46A02571A9AC00045CA5 /* AppDelegate.swift in Sources */ = {isa = PBXBuildFile; fileRef = A90A469F2571A9AC00045CA5 /* AppDelegate.swift */; };
		A90A46A22571A9AC00045CA5 /* SceneDelegate.swift in Sources */ = {isa = PBXBuildFile; fileRef = A90A46A12571A9AC00045CA5 /* SceneDelegate.swift */; };
		A90A46A92571A9B000045CA5 /* Assets.xcassets in Resources */ = {isa = PBXBuildFile; fileRef = A90A46A82571A9B000045CA5 /* Assets.xcassets */; };
		A90A46AC2571A9B000045CA5 /* LaunchScreen.storyboard in Resources */ = {isa = PBXBuildFile; fileRef = A90A46AA2571A9B000045CA5 /* LaunchScreen.storyboard */; };
		A90A46BF2571AA1400045CA5 /* AppDelegate.swift in Sources */ = {isa = PBXBuildFile; fileRef = A90A46BE2571AA1400045CA5 /* AppDelegate.swift */; };
		A90A46C32571AA1600045CA5 /* Assets.xcassets in Resources */ = {isa = PBXBuildFile; fileRef = A90A46C22571AA1600045CA5 /* Assets.xcassets */; };
		A90A46D62571AAF300045CA5 /* main.swift in Sources */ = {isa = PBXBuildFile; fileRef = A90A46D52571AAF300045CA5 /* main.swift */; };
		A90A46E92571B05700045CA5 /* CommonViewController.swift in Sources */ = {isa = PBXBuildFile; fileRef = A90A46E82571B05700045CA5 /* CommonViewController.swift */; };
		A90A46EC2571B07200045CA5 /* CommonViewController.swift in Sources */ = {isa = PBXBuildFile; fileRef = A90A46E82571B05700045CA5 /* CommonViewController.swift */; };
		A90A471D257283DE00045CA5 /* AllApples in Frameworks */ = {isa = PBXBuildFile; productRef = A90A471C257283DE00045CA5 /* AllApples */; };
		A90A4721257283ED00045CA5 /* AllApples in Frameworks */ = {isa = PBXBuildFile; productRef = A90A4720257283ED00045CA5 /* AllApples */; };
		A9FCC3232645751D00BDF73F /* MainSplitViewController.swift in Sources */ = {isa = PBXBuildFile; fileRef = A9FCC3222645751D00BDF73F /* MainSplitViewController.swift */; };
		A9FCC3242645751D00BDF73F /* MainSplitViewController.swift in Sources */ = {isa = PBXBuildFile; fileRef = A9FCC3222645751D00BDF73F /* MainSplitViewController.swift */; };
		A9FCC3262645753400BDF73F /* MainTableViewController.swift in Sources */ = {isa = PBXBuildFile; fileRef = A9FCC3252645753400BDF73F /* MainTableViewController.swift */; };
		A9FCC3272645753400BDF73F /* MainTableViewController.swift in Sources */ = {isa = PBXBuildFile; fileRef = A9FCC3252645753400BDF73F /* MainTableViewController.swift */; };
		A9FCC3292645754100BDF73F /* MainDetailViewController.swift in Sources */ = {isa = PBXBuildFile; fileRef = A9FCC3282645754100BDF73F /* MainDetailViewController.swift */; };
		A9FCC32A2645754100BDF73F /* MainDetailViewController.swift in Sources */ = {isa = PBXBuildFile; fileRef = A9FCC3282645754100BDF73F /* MainDetailViewController.swift */; };
		A9FCC32C2645768600BDF73F /* SectionedProtocols.swift in Sources */ = {isa = PBXBuildFile; fileRef = A9FCC32B2645768600BDF73F /* SectionedProtocols.swift */; };
		A9FCC32D2645768600BDF73F /* SectionedProtocols.swift in Sources */ = {isa = PBXBuildFile; fileRef = A9FCC32B2645768600BDF73F /* SectionedProtocols.swift */; };
		A9FCC3322645770F00BDF73F /* Collection+Safe.swift in Sources */ = {isa = PBXBuildFile; fileRef = A9FCC3312645770F00BDF73F /* Collection+Safe.swift */; };
		A9FCC3332645770F00BDF73F /* Collection+Safe.swift in Sources */ = {isa = PBXBuildFile; fileRef = A9FCC3312645770F00BDF73F /* Collection+Safe.swift */; };
		A9FCC3382645785200BDF73F /* TableViewCellProtocol.swift in Sources */ = {isa = PBXBuildFile; fileRef = A9FCC3372645785200BDF73F /* TableViewCellProtocol.swift */; };
		A9FCC3392645785200BDF73F /* TableViewCellProtocol.swift in Sources */ = {isa = PBXBuildFile; fileRef = A9FCC3372645785200BDF73F /* TableViewCellProtocol.swift */; };
		A9FCC33B26457B2300BDF73F /* DataHandler.swift in Sources */ = {isa = PBXBuildFile; fileRef = A9FCC33A26457B2300BDF73F /* DataHandler.swift */; };
		A9FCC33C26457B2300BDF73F /* DataHandler.swift in Sources */ = {isa = PBXBuildFile; fileRef = A9FCC33A26457B2300BDF73F /* DataHandler.swift */; };
		A9FCC33E2645A60200BDF73F /* ItemDelegate.swift in Sources */ = {isa = PBXBuildFile; fileRef = A9FCC33D2645A60200BDF73F /* ItemDelegate.swift */; };
		A9FCC33F2645A60200BDF73F /* ItemDelegate.swift in Sources */ = {isa = PBXBuildFile; fileRef = A9FCC33D2645A60200BDF73F /* ItemDelegate.swift */; };
		A9FCC3412645C6CD00BDF73F /* DataImplementation.swift in Sources */ = {isa = PBXBuildFile; fileRef = A9FCC3402645C6CD00BDF73F /* DataImplementation.swift */; };
		A9FCC3422645C6CD00BDF73F /* DataImplementation.swift in Sources */ = {isa = PBXBuildFile; fileRef = A9FCC3402645C6CD00BDF73F /* DataImplementation.swift */; };
		A9FCC3442645CAE500BDF73F /* DataItem.swift in Sources */ = {isa = PBXBuildFile; fileRef = A9FCC3432645CAE500BDF73F /* DataItem.swift */; };
		A9FCC3452645CAE500BDF73F /* DataItem.swift in Sources */ = {isa = PBXBuildFile; fileRef = A9FCC3432645CAE500BDF73F /* DataItem.swift */; };
		A9FCC34B2646874B00BDF73F /* MainDetailView.swift in Sources */ = {isa = PBXBuildFile; fileRef = A9FCC34A2646874B00BDF73F /* MainDetailView.swift */; };
		A9FCC34C2646874B00BDF73F /* MainDetailView.swift in Sources */ = {isa = PBXBuildFile; fileRef = A9FCC34A2646874B00BDF73F /* MainDetailView.swift */; };
		A9FCC34E2646881100BDF73F /* AScreen+Size.swift in Sources */ = {isa = PBXBuildFile; fileRef = A9FCC34D2646881100BDF73F /* AScreen+Size.swift */; };
		A9FCC34F2646881100BDF73F /* AScreen+Size.swift in Sources */ = {isa = PBXBuildFile; fileRef = A9FCC34D2646881100BDF73F /* AScreen+Size.swift */; };
/* End PBXBuildFile section */

/* Begin PBXFileReference section */
		A90A469C2571A9AC00045CA5 /* AllApplesSV_Mobile.app */ = {isa = PBXFileReference; explicitFileType = wrapper.application; includeInIndex = 0; path = AllApplesSV_Mobile.app; sourceTree = BUILT_PRODUCTS_DIR; };
		A90A469F2571A9AC00045CA5 /* AppDelegate.swift */ = {isa = PBXFileReference; lastKnownFileType = sourcecode.swift; path = AppDelegate.swift; sourceTree = "<group>"; };
		A90A46A12571A9AC00045CA5 /* SceneDelegate.swift */ = {isa = PBXFileReference; lastKnownFileType = sourcecode.swift; path = SceneDelegate.swift; sourceTree = "<group>"; };
		A90A46A82571A9B000045CA5 /* Assets.xcassets */ = {isa = PBXFileReference; lastKnownFileType = folder.assetcatalog; path = Assets.xcassets; sourceTree = "<group>"; };
		A90A46AB2571A9B000045CA5 /* Base */ = {isa = PBXFileReference; lastKnownFileType = file.storyboard; name = Base; path = Base.lproj/LaunchScreen.storyboard; sourceTree = "<group>"; };
		A90A46AD2571A9B000045CA5 /* Info.plist */ = {isa = PBXFileReference; lastKnownFileType = text.plist.xml; path = Info.plist; sourceTree = "<group>"; };
		A90A46BC2571AA1400045CA5 /* AllApplesSV_Mac.app */ = {isa = PBXFileReference; explicitFileType = wrapper.application; includeInIndex = 0; path = AllApplesSV_Mac.app; sourceTree = BUILT_PRODUCTS_DIR; };
		A90A46BE2571AA1400045CA5 /* AppDelegate.swift */ = {isa = PBXFileReference; lastKnownFileType = sourcecode.swift; path = AppDelegate.swift; sourceTree = "<group>"; };
		A90A46C22571AA1600045CA5 /* Assets.xcassets */ = {isa = PBXFileReference; lastKnownFileType = folder.assetcatalog; path = Assets.xcassets; sourceTree = "<group>"; };
		A90A46C72571AA1600045CA5 /* Info.plist */ = {isa = PBXFileReference; lastKnownFileType = text.plist.xml; path = Info.plist; sourceTree = "<group>"; };
		A90A46C82571AA1600045CA5 /* AllApplesSV_Mac.entitlements */ = {isa = PBXFileReference; lastKnownFileType = text.plist.entitlements; path = AllApplesSV_Mac.entitlements; sourceTree = "<group>"; };
		A90A46D52571AAF300045CA5 /* main.swift */ = {isa = PBXFileReference; lastKnownFileType = sourcecode.swift; path = main.swift; sourceTree = "<group>"; };
		A90A46E82571B05700045CA5 /* CommonViewController.swift */ = {isa = PBXFileReference; lastKnownFileType = sourcecode.swift; path = CommonViewController.swift; sourceTree = "<group>"; };
		A9FCC3222645751D00BDF73F /* MainSplitViewController.swift */ = {isa = PBXFileReference; lastKnownFileType = sourcecode.swift; path = MainSplitViewController.swift; sourceTree = "<group>"; };
		A9FCC3252645753400BDF73F /* MainTableViewController.swift */ = {isa = PBXFileReference; lastKnownFileType = sourcecode.swift; path = MainTableViewController.swift; sourceTree = "<group>"; };
		A9FCC3282645754100BDF73F /* MainDetailViewController.swift */ = {isa = PBXFileReference; lastKnownFileType = sourcecode.swift; path = MainDetailViewController.swift; sourceTree = "<group>"; };
		A9FCC32B2645768600BDF73F /* SectionedProtocols.swift */ = {isa = PBXFileReference; lastKnownFileType = sourcecode.swift; path = SectionedProtocols.swift; sourceTree = "<group>"; };
		A9FCC3312645770F00BDF73F /* Collection+Safe.swift */ = {isa = PBXFileReference; lastKnownFileType = sourcecode.swift; path = "Collection+Safe.swift"; sourceTree = "<group>"; };
		A9FCC3372645785200BDF73F /* TableViewCellProtocol.swift */ = {isa = PBXFileReference; lastKnownFileType = sourcecode.swift; path = TableViewCellProtocol.swift; sourceTree = "<group>"; };
		A9FCC33A26457B2300BDF73F /* DataHandler.swift */ = {isa = PBXFileReference; lastKnownFileType = sourcecode.swift; path = DataHandler.swift; sourceTree = "<group>"; };
		A9FCC33D2645A60200BDF73F /* ItemDelegate.swift */ = {isa = PBXFileReference; lastKnownFileType = sourcecode.swift; path = ItemDelegate.swift; sourceTree = "<group>"; };
		A9FCC3402645C6CD00BDF73F /* DataImplementation.swift */ = {isa = PBXFileReference; lastKnownFileType = sourcecode.swift; path = DataImplementation.swift; sourceTree = "<group>"; };
		A9FCC3432645CAE500BDF73F /* DataItem.swift */ = {isa = PBXFileReference; lastKnownFileType = sourcecode.swift; path = DataItem.swift; sourceTree = "<group>"; };
		A9FCC34A2646874B00BDF73F /* MainDetailView.swift */ = {isa = PBXFileReference; lastKnownFileType = sourcecode.swift; path = MainDetailView.swift; sourceTree = "<group>"; };
		A9FCC34D2646881100BDF73F /* AScreen+Size.swift */ = {isa = PBXFileReference; lastKnownFileType = sourcecode.swift; path = "AScreen+Size.swift"; sourceTree = "<group>"; };
/* End PBXFileReference section */

/* Begin PBXFrameworksBuildPhase section */
		A90A46992571A9AC00045CA5 /* Frameworks */ = {
			isa = PBXFrameworksBuildPhase;
			buildActionMask = 2147483647;
			files = (
				A90A471D257283DE00045CA5 /* AllApples in Frameworks */,
			);
			runOnlyForDeploymentPostprocessing = 0;
		};
		A90A46B92571AA1400045CA5 /* Frameworks */ = {
			isa = PBXFrameworksBuildPhase;
			buildActionMask = 2147483647;
			files = (
				A90A4721257283ED00045CA5 /* AllApples in Frameworks */,
			);
			runOnlyForDeploymentPostprocessing = 0;
		};
/* End PBXFrameworksBuildPhase section */

/* Begin PBXGroup section */
		A90A46932571A9AC00045CA5 = {
			isa = PBXGroup;
			children = (
				A9FCC3352645774000BDF73F /* UI */,
				A9FCC3342645772C00BDF73F /* Util */,
				A9FCC3462645CAEA00BDF73F /* Data */,
				A9FCC3362645775700BDF73F /* DataProtocols */,
				A90A469E2571A9AC00045CA5 /* AllApplesSV_iOS */,
				A90A46BD2571AA1400045CA5 /* AllApplesSV_Mac */,
				A90A469D2571A9AC00045CA5 /* Products */,
				A90A46CE2571AA2200045CA5 /* Frameworks */,
			);
			sourceTree = "<group>";
		};
		A90A469D2571A9AC00045CA5 /* Products */ = {
			isa = PBXGroup;
			children = (
				A90A469C2571A9AC00045CA5 /* AllApplesSV_Mobile.app */,
				A90A46BC2571AA1400045CA5 /* AllApplesSV_Mac.app */,
			);
			name = Products;
			sourceTree = "<group>";
		};
		A90A469E2571A9AC00045CA5 /* AllApplesSV_iOS */ = {
			isa = PBXGroup;
			children = (
				A90A469F2571A9AC00045CA5 /* AppDelegate.swift */,
				A90A46A12571A9AC00045CA5 /* SceneDelegate.swift */,
				A90A46A82571A9B000045CA5 /* Assets.xcassets */,
				A90A46AA2571A9B000045CA5 /* LaunchScreen.storyboard */,
				A90A46AD2571A9B000045CA5 /* Info.plist */,
			);
			path = AllApplesSV_iOS;
			sourceTree = "<group>";
		};
		A90A46BD2571AA1400045CA5 /* AllApplesSV_Mac */ = {
			isa = PBXGroup;
			children = (
				A90A46D52571AAF300045CA5 /* main.swift */,
				A90A46BE2571AA1400045CA5 /* AppDelegate.swift */,
				A90A46C22571AA1600045CA5 /* Assets.xcassets */,
				A90A46C72571AA1600045CA5 /* Info.plist */,
				A90A46C82571AA1600045CA5 /* AllApplesSV_Mac.entitlements */,
			);
			path = AllApplesSV_Mac;
			sourceTree = "<group>";
		};
		A90A46CE2571AA2200045CA5 /* Frameworks */ = {
			isa = PBXGroup;
			children = (
			);
			name = Frameworks;
			sourceTree = "<group>";
		};
		A9FCC3342645772C00BDF73F /* Util */ = {
			isa = PBXGroup;
			children = (
				A9FCC3312645770F00BDF73F /* Collection+Safe.swift */,
				A9FCC34D2646881100BDF73F /* AScreen+Size.swift */,
			);
			path = Util;
			sourceTree = "<group>";
		};
		A9FCC3352645774000BDF73F /* UI */ = {
			isa = PBXGroup;
			children = (
				A90A46E82571B05700045CA5 /* CommonViewController.swift */,
				A9FCC3222645751D00BDF73F /* MainSplitViewController.swift */,
				A9FCC3252645753400BDF73F /* MainTableViewController.swift */,
				A9FCC3282645754100BDF73F /* MainDetailViewController.swift */,
				A9FCC34A2646874B00BDF73F /* MainDetailView.swift */,
			);
			path = UI;
			sourceTree = "<group>";
		};
		A9FCC3362645775700BDF73F /* DataProtocols */ = {
			isa = PBXGroup;
			children = (
				A9FCC33A26457B2300BDF73F /* DataHandler.swift */,
				A9FCC3372645785200BDF73F /* TableViewCellProtocol.swift */,
				A9FCC32B2645768600BDF73F /* SectionedProtocols.swift */,
				A9FCC33D2645A60200BDF73F /* ItemDelegate.swift */,
			);
			path = DataProtocols;
			sourceTree = "<group>";
		};
		A9FCC3462645CAEA00BDF73F /* Data */ = {
			isa = PBXGroup;
			children = (
				A9FCC3432645CAE500BDF73F /* DataItem.swift */,
				A9FCC3402645C6CD00BDF73F /* DataImplementation.swift */,
			);
			path = Data;
			sourceTree = "<group>";
		};
/* End PBXGroup section */

/* Begin PBXNativeTarget section */
		A90A469B2571A9AC00045CA5 /* AllApplesSV_Mobile */ = {
			isa = PBXNativeTarget;
			buildConfigurationList = A90A46B02571A9B000045CA5 /* Build configuration list for PBXNativeTarget "AllApplesSV_Mobile" */;
			buildPhases = (
				A90A46982571A9AC00045CA5 /* Sources */,
				A90A46992571A9AC00045CA5 /* Frameworks */,
				A90A469A2571A9AC00045CA5 /* Resources */,
			);
			buildRules = (
			);
			dependencies = (
			);
			name = AllApplesSV_Mobile;
			packageProductDependencies = (
				A90A471C257283DE00045CA5 /* AllApples */,
			);
			productName = AllApplesSV_iOS;
			productReference = A90A469C2571A9AC00045CA5 /* AllApplesSV_Mobile.app */;
			productType = "com.apple.product-type.application";
		};
		A90A46BB2571AA1400045CA5 /* AllApplesSV_Mac */ = {
			isa = PBXNativeTarget;
			buildConfigurationList = A90A46C92571AA1600045CA5 /* Build configuration list for PBXNativeTarget "AllApplesSV_Mac" */;
			buildPhases = (
				A90A46B82571AA1400045CA5 /* Sources */,
				A90A46B92571AA1400045CA5 /* Frameworks */,
				A90A46BA2571AA1400045CA5 /* Resources */,
			);
			buildRules = (
			);
			dependencies = (
			);
			name = AllApplesSV_Mac;
			packageProductDependencies = (
				A90A4720257283ED00045CA5 /* AllApples */,
			);
			productName = AllApplesSV_Mac;
			productReference = A90A46BC2571AA1400045CA5 /* AllApplesSV_Mac.app */;
			productType = "com.apple.product-type.application";
		};
/* End PBXNativeTarget section */

/* Begin PBXProject section */
		A90A46942571A9AC00045CA5 /* Project object */ = {
			isa = PBXProject;
			attributes = {
				LastSwiftUpdateCheck = 1220;
				LastUpgradeCheck = 1220;
				TargetAttributes = {
					A90A469B2571A9AC00045CA5 = {
						CreatedOnToolsVersion = 12.2;
					};
					A90A46BB2571AA1400045CA5 = {
						CreatedOnToolsVersion = 12.2;
					};
				};
			};
			buildConfigurationList = A90A46972571A9AC00045CA5 /* Build configuration list for PBXProject "AllApplesSV" */;
			compatibilityVersion = "Xcode 9.3";
			developmentRegion = en;
			hasScannedForEncodings = 0;
			knownRegions = (
				en,
				Base,
			);
			mainGroup = A90A46932571A9AC00045CA5;
			packageReferences = (
				A90A471B257283DE00045CA5 /* XCRemoteSwiftPackageReference "allapples" */,
			);
			productRefGroup = A90A469D2571A9AC00045CA5 /* Products */;
			projectDirPath = "";
			projectRoot = "";
			targets = (
				A90A469B2571A9AC00045CA5 /* AllApplesSV_Mobile */,
				A90A46BB2571AA1400045CA5 /* AllApplesSV_Mac */,
			);
		};
/* End PBXProject section */

/* Begin PBXResourcesBuildPhase section */
		A90A469A2571A9AC00045CA5 /* Resources */ = {
			isa = PBXResourcesBuildPhase;
			buildActionMask = 2147483647;
			files = (
				A90A46AC2571A9B000045CA5 /* LaunchScreen.storyboard in Resources */,
				A90A46A92571A9B000045CA5 /* Assets.xcassets in Resources */,
			);
			runOnlyForDeploymentPostprocessing = 0;
		};
		A90A46BA2571AA1400045CA5 /* Resources */ = {
			isa = PBXResourcesBuildPhase;
			buildActionMask = 2147483647;
			files = (
				A90A46C32571AA1600045CA5 /* Assets.xcassets in Resources */,
			);
			runOnlyForDeploymentPostprocessing = 0;
		};
/* End PBXResourcesBuildPhase section */

/* Begin PBXSourcesBuildPhase section */
		A90A46982571A9AC00045CA5 /* Sources */ = {
			isa = PBXSourcesBuildPhase;
			buildActionMask = 2147483647;
			files = (
				A9FCC3292645754100BDF73F /* MainDetailViewController.swift in Sources */,
				A9FCC3382645785200BDF73F /* TableViewCellProtocol.swift in Sources */,
				A90A46E92571B05700045CA5 /* CommonViewController.swift in Sources */,
				A9FCC33E2645A60200BDF73F /* ItemDelegate.swift in Sources */,
				A9FCC3442645CAE500BDF73F /* DataItem.swift in Sources */,
				A90A46A02571A9AC00045CA5 /* AppDelegate.swift in Sources */,
				A90A46A22571A9AC00045CA5 /* SceneDelegate.swift in Sources */,
				A9FCC3262645753400BDF73F /* MainTableViewController.swift in Sources */,
				A9FCC34B2646874B00BDF73F /* MainDetailView.swift in Sources */,
				A9FCC34E2646881100BDF73F /* AScreen+Size.swift in Sources */,
				A9FCC3412645C6CD00BDF73F /* DataImplementation.swift in Sources */,
				A9FCC33B26457B2300BDF73F /* DataHandler.swift in Sources */,
				A9FCC3322645770F00BDF73F /* Collection+Safe.swift in Sources */,
				A9FCC32C2645768600BDF73F /* SectionedProtocols.swift in Sources */,
				A9FCC3232645751D00BDF73F /* MainSplitViewController.swift in Sources */,
			);
			runOnlyForDeploymentPostprocessing = 0;
		};
		A90A46B82571AA1400045CA5 /* Sources */ = {
			isa = PBXSourcesBuildPhase;
			buildActionMask = 2147483647;
			files = (
				A9FCC32A2645754100BDF73F /* MainDetailViewController.swift in Sources */,
				A9FCC3392645785200BDF73F /* TableViewCellProtocol.swift in Sources */,
				A90A46EC2571B07200045CA5 /* CommonViewController.swift in Sources */,
				A9FCC33F2645A60200BDF73F /* ItemDelegate.swift in Sources */,
				A9FCC3452645CAE500BDF73F /* DataItem.swift in Sources */,
				A90A46BF2571AA1400045CA5 /* AppDelegate.swift in Sources */,
				A90A46D62571AAF300045CA5 /* main.swift in Sources */,
				A9FCC3272645753400BDF73F /* MainTableViewController.swift in Sources */,
				A9FCC34C2646874B00BDF73F /* MainDetailView.swift in Sources */,
				A9FCC34F2646881100BDF73F /* AScreen+Size.swift in Sources */,
				A9FCC3422645C6CD00BDF73F /* DataImplementation.swift in Sources */,
				A9FCC33C26457B2300BDF73F /* DataHandler.swift in Sources */,
				A9FCC3332645770F00BDF73F /* Collection+Safe.swift in Sources */,
				A9FCC32D2645768600BDF73F /* SectionedProtocols.swift in Sources */,
				A9FCC3242645751D00BDF73F /* MainSplitViewController.swift in Sources */,
			);
			runOnlyForDeploymentPostprocessing = 0;
		};
/* End PBXSourcesBuildPhase section */

/* Begin PBXVariantGroup section */
		A90A46AA2571A9B000045CA5 /* LaunchScreen.storyboard */ = {
			isa = PBXVariantGroup;
			children = (
				A90A46AB2571A9B000045CA5 /* Base */,
			);
			name = LaunchScreen.storyboard;
			sourceTree = "<group>";
		};
/* End PBXVariantGroup section */

/* Begin XCBuildConfiguration section */
		A90A46AE2571A9B000045CA5 /* Debug */ = {
			isa = XCBuildConfiguration;
			buildSettings = {
				ALWAYS_SEARCH_USER_PATHS = NO;
				CLANG_ANALYZER_NONNULL = YES;
				CLANG_ANALYZER_NUMBER_OBJECT_CONVERSION = YES_AGGRESSIVE;
				CLANG_CXX_LANGUAGE_STANDARD = "gnu++14";
				CLANG_CXX_LIBRARY = "libc++";
				CLANG_ENABLE_MODULES = YES;
				CLANG_ENABLE_OBJC_ARC = YES;
				CLANG_ENABLE_OBJC_WEAK = YES;
				CLANG_WARN_BLOCK_CAPTURE_AUTORELEASING = YES;
				CLANG_WARN_BOOL_CONVERSION = YES;
				CLANG_WARN_COMMA = YES;
				CLANG_WARN_CONSTANT_CONVERSION = YES;
				CLANG_WARN_DEPRECATED_OBJC_IMPLEMENTATIONS = YES;
				CLANG_WARN_DIRECT_OBJC_ISA_USAGE = YES_ERROR;
				CLANG_WARN_DOCUMENTATION_COMMENTS = YES;
				CLANG_WARN_EMPTY_BODY = YES;
				CLANG_WARN_ENUM_CONVERSION = YES;
				CLANG_WARN_INFINITE_RECURSION = YES;
				CLANG_WARN_INT_CONVERSION = YES;
				CLANG_WARN_NON_LITERAL_NULL_CONVERSION = YES;
				CLANG_WARN_OBJC_IMPLICIT_RETAIN_SELF = YES;
				CLANG_WARN_OBJC_LITERAL_CONVERSION = YES;
				CLANG_WARN_OBJC_ROOT_CLASS = YES_ERROR;
				CLANG_WARN_QUOTED_INCLUDE_IN_FRAMEWORK_HEADER = YES;
				CLANG_WARN_RANGE_LOOP_ANALYSIS = YES;
				CLANG_WARN_STRICT_PROTOTYPES = YES;
				CLANG_WARN_SUSPICIOUS_MOVE = YES;
				CLANG_WARN_UNGUARDED_AVAILABILITY = YES_AGGRESSIVE;
				CLANG_WARN_UNREACHABLE_CODE = YES;
				CLANG_WARN__DUPLICATE_METHOD_MATCH = YES;
				COPY_PHASE_STRIP = NO;
				DEBUG_INFORMATION_FORMAT = dwarf;
				ENABLE_STRICT_OBJC_MSGSEND = YES;
				ENABLE_TESTABILITY = YES;
				GCC_C_LANGUAGE_STANDARD = gnu11;
				GCC_DYNAMIC_NO_PIC = NO;
				GCC_NO_COMMON_BLOCKS = YES;
				GCC_OPTIMIZATION_LEVEL = 0;
				GCC_PREPROCESSOR_DEFINITIONS = (
					"DEBUG=1",
					"$(inherited)",
				);
				GCC_WARN_64_TO_32_BIT_CONVERSION = YES;
				GCC_WARN_ABOUT_RETURN_TYPE = YES_ERROR;
				GCC_WARN_UNDECLARED_SELECTOR = YES;
				GCC_WARN_UNINITIALIZED_AUTOS = YES_AGGRESSIVE;
				GCC_WARN_UNUSED_FUNCTION = YES;
				GCC_WARN_UNUSED_VARIABLE = YES;
				IPHONEOS_DEPLOYMENT_TARGET = 14.2;
				MTL_ENABLE_DEBUG_INFO = INCLUDE_SOURCE;
				MTL_FAST_MATH = YES;
				ONLY_ACTIVE_ARCH = YES;
				SDKROOT = iphoneos;
				SWIFT_ACTIVE_COMPILATION_CONDITIONS = DEBUG;
				SWIFT_OPTIMIZATION_LEVEL = "-Onone";
			};
			name = Debug;
		};
		A90A46AF2571A9B000045CA5 /* Release */ = {
			isa = XCBuildConfiguration;
			buildSettings = {
				ALWAYS_SEARCH_USER_PATHS = NO;
				CLANG_ANALYZER_NONNULL = YES;
				CLANG_ANALYZER_NUMBER_OBJECT_CONVERSION = YES_AGGRESSIVE;
				CLANG_CXX_LANGUAGE_STANDARD = "gnu++14";
				CLANG_CXX_LIBRARY = "libc++";
				CLANG_ENABLE_MODULES = YES;
				CLANG_ENABLE_OBJC_ARC = YES;
				CLANG_ENABLE_OBJC_WEAK = YES;
				CLANG_WARN_BLOCK_CAPTURE_AUTORELEASING = YES;
				CLANG_WARN_BOOL_CONVERSION = YES;
				CLANG_WARN_COMMA = YES;
				CLANG_WARN_CONSTANT_CONVERSION = YES;
				CLANG_WARN_DEPRECATED_OBJC_IMPLEMENTATIONS = YES;
				CLANG_WARN_DIRECT_OBJC_ISA_USAGE = YES_ERROR;
				CLANG_WARN_DOCUMENTATION_COMMENTS = YES;
				CLANG_WARN_EMPTY_BODY = YES;
				CLANG_WARN_ENUM_CONVERSION = YES;
				CLANG_WARN_INFINITE_RECURSION = YES;
				CLANG_WARN_INT_CONVERSION = YES;
				CLANG_WARN_NON_LITERAL_NULL_CONVERSION = YES;
				CLANG_WARN_OBJC_IMPLICIT_RETAIN_SELF = YES;
				CLANG_WARN_OBJC_LITERAL_CONVERSION = YES;
				CLANG_WARN_OBJC_ROOT_CLASS = YES_ERROR;
				CLANG_WARN_QUOTED_INCLUDE_IN_FRAMEWORK_HEADER = YES;
				CLANG_WARN_RANGE_LOOP_ANALYSIS = YES;
				CLANG_WARN_STRICT_PROTOTYPES = YES;
				CLANG_WARN_SUSPICIOUS_MOVE = YES;
				CLANG_WARN_UNGUARDED_AVAILABILITY = YES_AGGRESSIVE;
				CLANG_WARN_UNREACHABLE_CODE = YES;
				CLANG_WARN__DUPLICATE_METHOD_MATCH = YES;
				COPY_PHASE_STRIP = NO;
				DEBUG_INFORMATION_FORMAT = "dwarf-with-dsym";
				ENABLE_NS_ASSERTIONS = NO;
				ENABLE_STRICT_OBJC_MSGSEND = YES;
				GCC_C_LANGUAGE_STANDARD = gnu11;
				GCC_NO_COMMON_BLOCKS = YES;
				GCC_WARN_64_TO_32_BIT_CONVERSION = YES;
				GCC_WARN_ABOUT_RETURN_TYPE = YES_ERROR;
				GCC_WARN_UNDECLARED_SELECTOR = YES;
				GCC_WARN_UNINITIALIZED_AUTOS = YES_AGGRESSIVE;
				GCC_WARN_UNUSED_FUNCTION = YES;
				GCC_WARN_UNUSED_VARIABLE = YES;
				IPHONEOS_DEPLOYMENT_TARGET = 14.2;
				MTL_ENABLE_DEBUG_INFO = NO;
				MTL_FAST_MATH = YES;
				SDKROOT = iphoneos;
				SWIFT_COMPILATION_MODE = wholemodule;
				SWIFT_OPTIMIZATION_LEVEL = "-O";
				VALIDATE_PRODUCT = YES;
			};
			name = Release;
		};
		A90A46B12571A9B000045CA5 /* Debug */ = {
			isa = XCBuildConfiguration;
			buildSettings = {
				ASSETCATALOG_COMPILER_APPICON_NAME = AppIcon;
				ASSETCATALOG_COMPILER_GLOBAL_ACCENT_COLOR_NAME = AccentColor;
				CODE_SIGN_STYLE = Automatic;
				DEVELOPMENT_TEAM = XBE2EP7T4F;
				INFOPLIST_FILE = AllApplesSV_iOS/Info.plist;
				LD_RUNPATH_SEARCH_PATHS = (
					"$(inherited)",
					"@executable_path/Frameworks",
				);
				PRODUCT_BUNDLE_IDENTIFIER = "com.mihaelamj.me.AllApplesSV-iOS";
				PRODUCT_NAME = "$(TARGET_NAME)";
				SWIFT_VERSION = 5.0;
				TARGETED_DEVICE_FAMILY = "1,2";
			};
			name = Debug;
		};
		A90A46B22571A9B000045CA5 /* Release */ = {
			isa = XCBuildConfiguration;
			buildSettings = {
				ASSETCATALOG_COMPILER_APPICON_NAME = AppIcon;
				ASSETCATALOG_COMPILER_GLOBAL_ACCENT_COLOR_NAME = AccentColor;
				CODE_SIGN_STYLE = Automatic;
				DEVELOPMENT_TEAM = XBE2EP7T4F;
				INFOPLIST_FILE = AllApplesSV_iOS/Info.plist;
				LD_RUNPATH_SEARCH_PATHS = (
					"$(inherited)",
					"@executable_path/Frameworks",
				);
				PRODUCT_BUNDLE_IDENTIFIER = "com.mihaelamj.me.AllApplesSV-iOS";
				PRODUCT_NAME = "$(TARGET_NAME)";
				SWIFT_VERSION = 5.0;
				TARGETED_DEVICE_FAMILY = "1,2";
			};
			name = Release;
		};
		A90A46CA2571AA1600045CA5 /* Debug */ = {
			isa = XCBuildConfiguration;
			buildSettings = {
				ASSETCATALOG_COMPILER_APPICON_NAME = AppIcon;
				ASSETCATALOG_COMPILER_GLOBAL_ACCENT_COLOR_NAME = AccentColor;
				CODE_SIGN_ENTITLEMENTS = AllApplesSV_Mac/AllApplesSV_Mac.entitlements;
				CODE_SIGN_STYLE = Automatic;
				COMBINE_HIDPI_IMAGES = YES;
				DEVELOPMENT_TEAM = XBE2EP7T4F;
				ENABLE_HARDENED_RUNTIME = YES;
				INFOPLIST_FILE = AllApplesSV_Mac/Info.plist;
				LD_RUNPATH_SEARCH_PATHS = (
					"$(inherited)",
					"@executable_path/../Frameworks",
				);
				MACOSX_DEPLOYMENT_TARGET = 11.0;
				PRODUCT_BUNDLE_IDENTIFIER = "com.mihaelamj.me.AllApplesSV-Mac";
				PRODUCT_NAME = "$(TARGET_NAME)";
				SDKROOT = macosx;
				SWIFT_VERSION = 5.0;
			};
			name = Debug;
		};
		A90A46CB2571AA1600045CA5 /* Release */ = {
			isa = XCBuildConfiguration;
			buildSettings = {
				ASSETCATALOG_COMPILER_APPICON_NAME = AppIcon;
				ASSETCATALOG_COMPILER_GLOBAL_ACCENT_COLOR_NAME = AccentColor;
				CODE_SIGN_ENTITLEMENTS = AllApplesSV_Mac/AllApplesSV_Mac.entitlements;
				CODE_SIGN_STYLE = Automatic;
				COMBINE_HIDPI_IMAGES = YES;
				DEVELOPMENT_TEAM = XBE2EP7T4F;
				ENABLE_HARDENED_RUNTIME = YES;
				INFOPLIST_FILE = AllApplesSV_Mac/Info.plist;
				LD_RUNPATH_SEARCH_PATHS = (
					"$(inherited)",
					"@executable_path/../Frameworks",
				);
				MACOSX_DEPLOYMENT_TARGET = 11.0;
				PRODUCT_BUNDLE_IDENTIFIER = "com.mihaelamj.me.AllApplesSV-Mac";
				PRODUCT_NAME = "$(TARGET_NAME)";
				SDKROOT = macosx;
				SWIFT_VERSION = 5.0;
			};
			name = Release;
		};
/* End XCBuildConfiguration section */

/* Begin XCConfigurationList section */
		A90A46972571A9AC00045CA5 /* Build configuration list for PBXProject "AllApplesSV" */ = {
			isa = XCConfigurationList;
			buildConfigurations = (
				A90A46AE2571A9B000045CA5 /* Debug */,
				A90A46AF2571A9B000045CA5 /* Release */,
			);
			defaultConfigurationIsVisible = 0;
			defaultConfigurationName = Release;
		};
		A90A46B02571A9B000045CA5 /* Build configuration list for PBXNativeTarget "AllApplesSV_Mobile" */ = {
			isa = XCConfigurationList;
			buildConfigurations = (
				A90A46B12571A9B000045CA5 /* Debug */,
				A90A46B22571A9B000045CA5 /* Release */,
			);
			defaultConfigurationIsVisible = 0;
			defaultConfigurationName = Release;
		};
		A90A46C92571AA1600045CA5 /* Build configuration list for PBXNativeTarget "AllApplesSV_Mac" */ = {
			isa = XCConfigurationList;
			buildConfigurations = (
				A90A46CA2571AA1600045CA5 /* Debug */,
				A90A46CB2571AA1600045CA5 /* Release */,
			);
			defaultConfigurationIsVisible = 0;
			defaultConfigurationName = Release;
		};
/* End XCConfigurationList section */

/* Begin XCRemoteSwiftPackageReference section */
		A90A471B257283DE00045CA5 /* XCRemoteSwiftPackageReference "allapples" */ = {
			isa = XCRemoteSwiftPackageReference;
			repositoryURL = "https://github.com/mihaelamj/allapples";
			requirement = {
				kind = upToNextMajorVersion;
				minimumVersion = 0.5.0;
			};
		};
/* End XCRemoteSwiftPackageReference section */

/* Begin XCSwiftPackageProductDependency section */
		A90A471C257283DE00045CA5 /* AllApples */ = {
			isa = XCSwiftPackageProductDependency;
			package = A90A471B257283DE00045CA5 /* XCRemoteSwiftPackageReference "allapples" */;
			productName = AllApples;
		};
		A90A4720257283ED00045CA5 /* AllApples */ = {
			isa = XCSwiftPackageProductDependency;
			package = A90A471B257283DE00045CA5 /* XCRemoteSwiftPackageReference "allapples" */;
			productName = AllApples;
		};
/* End XCSwiftPackageProductDependency section */
	};
	rootObject = A90A46942571A9AC00045CA5 /* Project object */;
}
