{
  "object": {
    "pins": [
      {
        "package": "AllApples",
        "repositoryURL": "https://github.com/mihaelamj/allapples",
        "state": {
          "branch": null,
          "revision": "7b44181c169f6eaeb2b0f5a000342c2b36dd5350",
          "version": "0.4.0"
        }
      }
    ]
  },
  "version": 1
}
